
Microsoft Visual Studio Solution File, Format Version 12.00
# Visual Studio Version 16
VisualStudioVersion = 16.0.30320.27
MinimumVisualStudioVersion = 10.0.40219.1
Project("{FAE04EC0-301F-11D3-BF4B-00C04F79EFBC}") = "Restaurant", "Restaurant.csproj", "{06500782-04BC-4590-B3DD-B682B82BF74A}"
EndProject
Global
	GlobalSection(SolutionConfigurationPlatforms) = preSolution
		Debug|Any CPU = Debug|Any CPU
		Release|Any CPU = Release|Any CPU
	EndGlobalSection
	GlobalSection(ProjectConfigurationPlatforms) = postSolution
		{06500782-04BC-4590-B3DD-B682B82BF74A}.Debug|Any CPU.ActiveCfg = Debug|Any CPU
		{06500782-04BC-4590-B3DD-B682B82BF74A}.Debug|Any CPU.Build.0 = Debug|Any CPU
		{06500782-04BC-4590-B3DD-B682B82BF74A}.Release|Any CPU.ActiveCfg = Release|Any CPU
		{06500782-04BC-4590-B3DD-B682B82BF74A}.Release|Any CPU.Build.0 = Release|Any CPU
	EndGlobalSection
	GlobalSection(SolutionProperties) = preSolution
		HideSolutionNode = FALSE
	EndGlobalSection
	GlobalSection(ExtensibilityGlobals) = postSolution
		SolutionGuid = {DC070768-E0FA-482D-B283-2AF11F2FF459}
	EndGlobalSection
EndGlobal
